
Microsoft Visual Studio Solution File, Format Version 12.00
# Visual Studio Version 16
VisualStudioVersion = 16.0.30204.135
MinimumVisualStudioVersion = 10.0.40219.1
Project("{8BC9CEB8-8B4A-11D0-8D11-00A0C91BC942}") = "Telegram-Pawn", "Telegram-Pawn\Telegram-Pawn.vcxproj", "{9D1AE9D3-8F3B-4EDB-BFB1-0DBE8E2D7527}"
EndProject
Global
	GlobalSection(SolutionConfigurationPlatforms) = preSolution
		Debug|x64 = Debug|x64
		Debug|x86 = Debug|x86
		Release|x64 = Release|x64
		Release|x86 = Release|x86
	EndGlobalSection
	GlobalSection(ProjectConfigurationPlatforms) = postSolution
		{9D1AE9D3-8F3B-4EDB-BFB1-0DBE8E2D7527}.Debug|x64.ActiveCfg = Debug|x64
		{9D1AE9D3-8F3B-4EDB-BFB1-0DBE8E2D7527}.Debug|x64.Build.0 = Debug|x64
		{9D1AE9D3-8F3B-4EDB-BFB1-0DBE8E2D7527}.Debug|x86.ActiveCfg = Debug|Win32
		{9D1AE9D3-8F3B-4EDB-BFB1-0DBE8E2D7527}.Debug|x86.Build.0 = Debug|Win32
		{9D1AE9D3-8F3B-4EDB-BFB1-0DBE8E2D7527}.Release|x64.ActiveCfg = Release|x64
		{9D1AE9D3-8F3B-4EDB-BFB1-0DBE8E2D7527}.Release|x64.Build.0 = Release|x64
		{9D1AE9D3-8F3B-4EDB-BFB1-0DBE8E2D7527}.Release|x86.ActiveCfg = Release|Win32
		{9D1AE9D3-8F3B-4EDB-BFB1-0DBE8E2D7527}.Release|x86.Build.0 = Release|Win32
	EndGlobalSection
	GlobalSection(SolutionProperties) = preSolution
		HideSolutionNode = FALSE
	EndGlobalSection
	GlobalSection(ExtensibilityGlobals) = postSolution
		SolutionGuid = {62B58576-FE1D-4C91-9BB1-8EB536877481}
	EndGlobalSection
EndGlobal
